// !$*UTF8*$!
{
	archiveVersion = 1;
	classes = {
	};
	objectVersion = 50;
	objects = {

/* Begin PBXBuildFile section */
		04E7294E23E4D964004F04E0 /* AppDelegate.swift in Sources */ = {isa = PBXBuildFile; fileRef = 04E7294D23E4D964004F04E0 /* AppDelegate.swift */; };
		04E7295023E4D964004F04E0 /* SceneDelegate.swift in Sources */ = {isa = PBXBuildFile; fileRef = 04E7294F23E4D964004F04E0 /* SceneDelegate.swift */; };
		04E7295223E4D964004F04E0 /* ViewController.swift in Sources */ = {isa = PBXBuildFile; fileRef = 04E7295123E4D964004F04E0 /* ViewController.swift */; };
		04E7295523E4D964004F04E0 /* Main.storyboard in Resources */ = {isa = PBXBuildFile; fileRef = 04E7295323E4D964004F04E0 /* Main.storyboard */; };
		04E7295723E4D965004F04E0 /* Assets.xcassets in Resources */ = {isa = PBXBuildFile; fileRef = 04E7295623E4D965004F04E0 /* Assets.xcassets */; };
		04E7295A23E4D965004F04E0 /* LaunchScreen.storyboard in Resources */ = {isa = PBXBuildFile; fileRef = 04E7295823E4D965004F04E0 /* LaunchScreen.storyboard */; };
		04E7296523E4D965004F04E0 /* TwitterTests.swift in Sources */ = {isa = PBXBuildFile; fileRef = 04E7296423E4D965004F04E0 /* TwitterTests.swift */; };
		04E7297023E4D965004F04E0 /* TwitterUITests.swift in Sources */ = {isa = PBXBuildFile; fileRef = 04E7296F23E4D965004F04E0 /* TwitterUITests.swift */; };
/* End PBXBuildFile section */

/* Begin PBXContainerItemProxy section */
		04E7296123E4D965004F04E0 /* PBXContainerItemProxy */ = {
			isa = PBXContainerItemProxy;
			containerPortal = 04E7294223E4D964004F04E0 /* Project object */;
			proxyType = 1;
			remoteGlobalIDString = 04E7294923E4D964004F04E0;
			remoteInfo = Twitter;
		};
		04E7296C23E4D965004F04E0 /* PBXContainerItemProxy */ = {
			isa = PBXContainerItemProxy;
			containerPortal = 04E7294223E4D964004F04E0 /* Project object */;
			proxyType = 1;
			remoteGlobalIDString = 04E7294923E4D964004F04E0;
			remoteInfo = Twitter;
		};
/* End PBXContainerItemProxy section */

/* Begin PBXFileReference section */
		04E7294A23E4D964004F04E0 /* Twitter.app */ = {isa = PBXFileReference; explicitFileType = wrapper.application; includeInIndex = 0; path = Twitter.app; sourceTree = BUILT_PRODUCTS_DIR; };
		04E7294D23E4D964004F04E0 /* AppDelegate.swift */ = {isa = PBXFileReference; lastKnownFileType = sourcecode.swift; path = AppDelegate.swift; sourceTree = "<group>"; };
		04E7294F23E4D964004F04E0 /* SceneDelegate.swift */ = {isa = PBXFileReference; lastKnownFileType = sourcecode.swift; path = SceneDelegate.swift; sourceTree = "<group>"; };
		04E7295123E4D964004F04E0 /* ViewController.swift */ = {isa = PBXFileReference; lastKnownFileType = sourcecode.swift; path = ViewController.swift; sourceTree = "<group>"; };
		04E7295423E4D964004F04E0 /* Base */ = {isa = PBXFileReference; lastKnownFileType = file.storyboard; name = Base; path = Base.lproj/Main.storyboard; sourceTree = "<group>"; };
		04E7295623E4D965004F04E0 /* Assets.xcassets */ = {isa = PBXFileReference; lastKnownFileType = folder.assetcatalog; path = Assets.xcassets; sourceTree = "<group>"; };
		04E7295923E4D965004F04E0 /* Base */ = {isa = PBXFileReference; lastKnownFileType = file.storyboard; name = Base; path = Base.lproj/LaunchScreen.storyboard; sourceTree = "<group>"; };
		04E7295B23E4D965004F04E0 /* Info.plist */ = {isa = PBXFileReference; lastKnownFileType = text.plist.xml; path = Info.plist; sourceTree = "<group>"; };
		04E7296023E4D965004F04E0 /* TwitterTests.xctest */ = {isa = PBXFileReference; explicitFileType = wrapper.cfbundle; includeInIndex = 0; path = TwitterTests.xctest; sourceTree = BUILT_PRODUCTS_DIR; };
		04E7296423E4D965004F04E0 /* TwitterTests.swift */ = {isa = PBXFileReference; lastKnownFileType = sourcecode.swift; path = TwitterTests.swift; sourceTree = "<group>"; };
		04E7296623E4D965004F04E0 /* Info.plist */ = {isa = PBXFileReference; lastKnownFileType = text.plist.xml; path = Info.plist; sourceTree = "<group>"; };
		04E7296B23E4D965004F04E0 /* TwitterUITests.xctest */ = {isa = PBXFileReference; explicitFileType = wrapper.cfbundle; includeInIndex = 0; path = TwitterUITests.xctest; sourceTree = BUILT_PRODUCTS_DIR; };
		04E7296F23E4D965004F04E0 /* TwitterUITests.swift */ = {isa = PBXFileReference; lastKnownFileType = sourcecode.swift; path = TwitterUITests.swift; sourceTree = "<group>"; };
		04E7297123E4D965004F04E0 /* Info.plist */ = {isa = PBXFileReference; lastKnownFileType = text.plist.xml; path = Info.plist; sourceTree = "<group>"; };
/* End PBXFileReference section */

/* Begin PBXFrameworksBuildPhase section */
		04E7294723E4D964004F04E0 /* Frameworks */ = {
			isa = PBXFrameworksBuildPhase;
			buildActionMask = 2147483647;
			files = (
			);
			runOnlyForDeploymentPostprocessing = 0;
		};
		04E7295D23E4D965004F04E0 /* Frameworks */ = {
			isa = PBXFrameworksBuildPhase;
			buildActionMask = 2147483647;
			files = (
			);
			runOnlyForDeploymentPostprocessing = 0;
		};
		04E7296823E4D965004F04E0 /* Frameworks */ = {
			isa = PBXFrameworksBuildPhase;
			buildActionMask = 2147483647;
			files = (
			);
			runOnlyForDeploymentPostprocessing = 0;
		};
/* End PBXFrameworksBuildPhase section */

/* Begin PBXGroup section */
		04E7294123E4D964004F04E0 = {
			isa = PBXGroup;
			children = (
				04E7294C23E4D964004F04E0 /* Twitter */,
				04E7296323E4D965004F04E0 /* TwitterTests */,
				04E7296E23E4D965004F04E0 /* TwitterUITests */,
				04E7294B23E4D964004F04E0 /* Products */,
			);
			sourceTree = "<group>";
		};
		04E7294B23E4D964004F04E0 /* Products */ = {
			isa = PBXGroup;
			children = (
				04E7294A23E4D964004F04E0 /* Twitter.app */,
				04E7296023E4D965004F04E0 /* TwitterTests.xctest */,
				04E7296B23E4D965004F04E0 /* TwitterUITests.xctest */,
			);
			name = Products;
			sourceTree = "<group>";
		};
		04E7294C23E4D964004F04E0 /* Twitter */ = {
			isa = PBXGroup;
			children = (
				04E7294D23E4D964004F04E0 /* AppDelegate.swift */,
				04E7294F23E4D964004F04E0 /* SceneDelegate.swift */,
				04E7295123E4D964004F04E0 /* ViewController.swift */,
				04E7295323E4D964004F04E0 /* Main.storyboard */,
				04E7295623E4D965004F04E0 /* Assets.xcassets */,
				04E7295823E4D965004F04E0 /* LaunchScreen.storyboard */,
				04E7295B23E4D965004F04E0 /* Info.plist */,
			);
			path = Twitter;
			sourceTree = "<group>";
		};
		04E7296323E4D965004F04E0 /* TwitterTests */ = {
			isa = PBXGroup;
			children = (
				04E7296423E4D965004F04E0 /* TwitterTests.swift */,
				04E7296623E4D965004F04E0 /* Info.plist */,
			);
			path = TwitterTests;
			sourceTree = "<group>";
		};
		04E7296E23E4D965004F04E0 /* TwitterUITests */ = {
			isa = PBXGroup;
			children = (
				04E7296F23E4D965004F04E0 /* TwitterUITests.swift */,
				04E7297123E4D965004F04E0 /* Info.plist */,
			);
			path = TwitterUITests;
			sourceTree = "<group>";
		};
/* End PBXGroup section */

/* Begin PBXNativeTarget section */
		04E7294923E4D964004F04E0 /* Twitter */ = {
			isa = PBXNativeTarget;
			buildConfigurationList = 04E7297423E4D965004F04E0 /* Build configuration list for PBXNativeTarget "Twitter" */;
			buildPhases = (
				04E7294623E4D964004F04E0 /* Sources */,
				04E7294723E4D964004F04E0 /* Frameworks */,
				04E7294823E4D964004F04E0 /* Resources */,
			);
			buildRules = (
			);
			dependencies = (
			);
			name = Twitter;
			productName = Twitter;
			productReference = 04E7294A23E4D964004F04E0 /* Twitter.app */;
			productType = "com.apple.product-type.application";
		};
		04E7295F23E4D965004F04E0 /* TwitterTests */ = {
			isa = PBXNativeTarget;
			buildConfigurationList = 04E7297723E4D965004F04E0 /* Build configuration list for PBXNativeTarget "TwitterTests" */;
			buildPhases = (
				04E7295C23E4D965004F04E0 /* Sources */,
				04E7295D23E4D965004F04E0 /* Frameworks */,
				04E7295E23E4D965004F04E0 /* Resources */,
			);
			buildRules = (
			);
			dependencies = (
				04E7296223E4D965004F04E0 /* PBXTargetDependency */,
			);
			name = TwitterTests;
			productName = TwitterTests;
			productReference = 04E7296023E4D965004F04E0 /* TwitterTests.xctest */;
			productType = "com.apple.product-type.bundle.unit-test";
		};
		04E7296A23E4D965004F04E0 /* TwitterUITests */ = {
			isa = PBXNativeTarget;
			buildConfigurationList = 04E7297A23E4D965004F04E0 /* Build configuration list for PBXNativeTarget "TwitterUITests" */;
			buildPhases = (
				04E7296723E4D965004F04E0 /* Sources */,
				04E7296823E4D965004F04E0 /* Frameworks */,
				04E7296923E4D965004F04E0 /* Resources */,
			);
			buildRules = (
			);
			dependencies = (
				04E7296D23E4D965004F04E0 /* PBXTargetDependency */,
			);
			name = TwitterUITests;
			productName = TwitterUITests;
			productReference = 04E7296B23E4D965004F04E0 /* TwitterUITests.xctest */;
			productType = "com.apple.product-type.bundle.ui-testing";
		};
/* End PBXNativeTarget section */

/* Begin PBXProject section */
		04E7294223E4D964004F04E0 /* Project object */ = {
			isa = PBXProject;
			attributes = {
				LastSwiftUpdateCheck = 1130;
				LastUpgradeCheck = 1130;
				ORGANIZATIONNAME = "Praveen V";
				TargetAttributes = {
					04E7294923E4D964004F04E0 = {
						CreatedOnToolsVersion = 11.3;
					};
					04E7295F23E4D965004F04E0 = {
						CreatedOnToolsVersion = 11.3;
						TestTargetID = 04E7294923E4D964004F04E0;
					};
					04E7296A23E4D965004F04E0 = {
						CreatedOnToolsVersion = 11.3;
						TestTargetID = 04E7294923E4D964004F04E0;
					};
				};
			};
			buildConfigurationList = 04E7294523E4D964004F04E0 /* Build configuration list for PBXProject "Twitter" */;
			compatibilityVersion = "Xcode 9.3";
			developmentRegion = en;
			hasScannedForEncodings = 0;
			knownRegions = (
				en,
				Base,
			);
			mainGroup = 04E7294123E4D964004F04E0;
			productRefGroup = 04E7294B23E4D964004F04E0 /* Products */;
			projectDirPath = "";
			projectRoot = "";
			targets = (
				04E7294923E4D964004F04E0 /* Twitter */,
				04E7295F23E4D965004F04E0 /* TwitterTests */,
				04E7296A23E4D965004F04E0 /* TwitterUITests */,
			);
		};
/* End PBXProject section */

/* Begin PBXResourcesBuildPhase section */
		04E7294823E4D964004F04E0 /* Resources */ = {
			isa = PBXResourcesBuildPhase;
			buildActionMask = 2147483647;
			files = (
				04E7295A23E4D965004F04E0 /* LaunchScreen.storyboard in Resources */,
				04E7295723E4D965004F04E0 /* Assets.xcassets in Resources */,
				04E7295523E4D964004F04E0 /* Main.storyboard in Resources */,
			);
			runOnlyForDeploymentPostprocessing = 0;
		};
		04E7295E23E4D965004F04E0 /* Resources */ = {
			isa = PBXResourcesBuildPhase;
			buildActionMask = 2147483647;
			files = (
			);
			runOnlyForDeploymentPostprocessing = 0;
		};
		04E7296923E4D965004F04E0 /* Resources */ = {
			isa = PBXResourcesBuildPhase;
			buildActionMask = 2147483647;
			files = (
			);
			runOnlyForDeploymentPostprocessing = 0;
		};
/* End PBXResourcesBuildPhase section */

/* Begin PBXSourcesBuildPhase section */
		04E7294623E4D964004F04E0 /* Sources */ = {
			isa = PBXSourcesBuildPhase;
			buildActionMask = 2147483647;
			files = (
				04E7295223E4D964004F04E0 /* ViewController.swift in Sources */,
				04E7294E23E4D964004F04E0 /* AppDelegate.swift in Sources */,
				04E7295023E4D964004F04E0 /* SceneDelegate.swift in Sources */,
			);
			runOnlyForDeploymentPostprocessing = 0;
		};
		04E7295C23E4D965004F04E0 /* Sources */ = {
			isa = PBXSourcesBuildPhase;
			buildActionMask = 2147483647;
			files = (
				04E7296523E4D965004F04E0 /* TwitterTests.swift in Sources */,
			);
			runOnlyForDeploymentPostprocessing = 0;
		};
		04E7296723E4D965004F04E0 /* Sources */ = {
			isa = PBXSourcesBuildPhase;
			buildActionMask = 2147483647;
			files = (
				04E7297023E4D965004F04E0 /* TwitterUITests.swift in Sources */,
			);
			runOnlyForDeploymentPostprocessing = 0;
		};
/* End PBXSourcesBuildPhase section */

/* Begin PBXTargetDependency section */
		04E7296223E4D965004F04E0 /* PBXTargetDependency */ = {
			isa = PBXTargetDependency;
			target = 04E7294923E4D964004F04E0 /* Twitter */;
			targetProxy = 04E7296123E4D965004F04E0 /* PBXContainerItemProxy */;
		};
		04E7296D23E4D965004F04E0 /* PBXTargetDependency */ = {
			isa = PBXTargetDependency;
			target = 04E7294923E4D964004F04E0 /* Twitter */;
			targetProxy = 04E7296C23E4D965004F04E0 /* PBXContainerItemProxy */;
		};
/* End PBXTargetDependency section */

/* Begin PBXVariantGroup section */
		04E7295323E4D964004F04E0 /* Main.storyboard */ = {
			isa = PBXVariantGroup;
			children = (
				04E7295423E4D964004F04E0 /* Base */,
			);
			name = Main.storyboard;
			sourceTree = "<group>";
		};
		04E7295823E4D965004F04E0 /* LaunchScreen.storyboard */ = {
			isa = PBXVariantGroup;
			children = (
				04E7295923E4D965004F04E0 /* Base */,
			);
			name = LaunchScreen.storyboard;
			sourceTree = "<group>";
		};
/* End PBXVariantGroup section */

/* Begin XCBuildConfiguration section */
		04E7297223E4D965004F04E0 /* Debug */ = {
			isa = XCBuildConfiguration;
			buildSettings = {
				ALWAYS_SEARCH_USER_PATHS = NO;
				CLANG_ANALYZER_NONNULL = YES;
				CLANG_ANALYZER_NUMBER_OBJECT_CONVERSION = YES_AGGRESSIVE;
				CLANG_CXX_LANGUAGE_STANDARD = "gnu++14";
				CLANG_CXX_LIBRARY = "libc++";
				CLANG_ENABLE_MODULES = YES;
				CLANG_ENABLE_OBJC_ARC = YES;
				CLANG_ENABLE_OBJC_WEAK = YES;
				CLANG_WARN_BLOCK_CAPTURE_AUTORELEASING = YES;
				CLANG_WARN_BOOL_CONVERSION = YES;
				CLANG_WARN_COMMA = YES;
				CLANG_WARN_CONSTANT_CONVERSION = YES;
				CLANG_WARN_DEPRECATED_OBJC_IMPLEMENTATIONS = YES;
				CLANG_WARN_DIRECT_OBJC_ISA_USAGE = YES_ERROR;
				CLANG_WARN_DOCUMENTATION_COMMENTS = YES;
				CLANG_WARN_EMPTY_BODY = YES;
				CLANG_WARN_ENUM_CONVERSION = YES;
				CLANG_WARN_INFINITE_RECURSION = YES;
				CLANG_WARN_INT_CONVERSION = YES;
				CLANG_WARN_NON_LITERAL_NULL_CONVERSION = YES;
				CLANG_WARN_OBJC_IMPLICIT_RETAIN_SELF = YES;
				CLANG_WARN_OBJC_LITERAL_CONVERSION = YES;
				CLANG_WARN_OBJC_ROOT_CLASS = YES_ERROR;
				CLANG_WARN_RANGE_LOOP_ANALYSIS = YES;
				CLANG_WARN_STRICT_PROTOTYPES = YES;
				CLANG_WARN_SUSPICIOUS_MOVE = YES;
				CLANG_WARN_UNGUARDED_AVAILABILITY = YES_AGGRESSIVE;
				CLANG_WARN_UNREACHABLE_CODE = YES;
				CLANG_WARN__DUPLICATE_METHOD_MATCH = YES;
				COPY_PHASE_STRIP = NO;
				DEBUG_INFORMATION_FORMAT = dwarf;
				ENABLE_STRICT_OBJC_MSGSEND = YES;
				ENABLE_TESTABILITY = YES;
				GCC_C_LANGUAGE_STANDARD = gnu11;
				GCC_DYNAMIC_NO_PIC = NO;
				GCC_NO_COMMON_BLOCKS = YES;
				GCC_OPTIMIZATION_LEVEL = 0;
				GCC_PREPROCESSOR_DEFINITIONS = (
					"DEBUG=1",
					"$(inherited)",
				);
				GCC_WARN_64_TO_32_BIT_CONVERSION = YES;
				GCC_WARN_ABOUT_RETURN_TYPE = YES_ERROR;
				GCC_WARN_UNDECLARED_SELECTOR = YES;
				GCC_WARN_UNINITIALIZED_AUTOS = YES_AGGRESSIVE;
				GCC_WARN_UNUSED_FUNCTION = YES;
				GCC_WARN_UNUSED_VARIABLE = YES;
				IPHONEOS_DEPLOYMENT_TARGET = 13.2;
				MTL_ENABLE_DEBUG_INFO = INCLUDE_SOURCE;
				MTL_FAST_MATH = YES;
				ONLY_ACTIVE_ARCH = YES;
				SDKROOT = iphoneos;
				SWIFT_ACTIVE_COMPILATION_CONDITIONS = DEBUG;
				SWIFT_OPTIMIZATION_LEVEL = "-Onone";
			};
			name = Debug;
		};
		04E7297323E4D965004F04E0 /* Release */ = {
			isa = XCBuildConfiguration;
			buildSettings = {
				ALWAYS_SEARCH_USER_PATHS = NO;
				CLANG_ANALYZER_NONNULL = YES;
				CLANG_ANALYZER_NUMBER_OBJECT_CONVERSION = YES_AGGRESSIVE;
				CLANG_CXX_LANGUAGE_STANDARD = "gnu++14";
				CLANG_CXX_LIBRARY = "libc++";
				CLANG_ENABLE_MODULES = YES;
				CLANG_ENABLE_OBJC_ARC = YES;
				CLANG_ENABLE_OBJC_WEAK = YES;
				CLANG_WARN_BLOCK_CAPTURE_AUTORELEASING = YES;
				CLANG_WARN_BOOL_CONVERSION = YES;
				CLANG_WARN_COMMA = YES;
				CLANG_WARN_CONSTANT_CONVERSION = YES;
				CLANG_WARN_DEPRECATED_OBJC_IMPLEMENTATIONS = YES;
				CLANG_WARN_DIRECT_OBJC_ISA_USAGE = YES_ERROR;
				CLANG_WARN_DOCUMENTATION_COMMENTS = YES;
				CLANG_WARN_EMPTY_BODY = YES;
				CLANG_WARN_ENUM_CONVERSION = YES;
				CLANG_WARN_INFINITE_RECURSION = YES;
				CLANG_WARN_INT_CONVERSION = YES;
				CLANG_WARN_NON_LITERAL_NULL_CONVERSION = YES;
				CLANG_WARN_OBJC_IMPLICIT_RETAIN_SELF = YES;
				CLANG_WARN_OBJC_LITERAL_CONVERSION = YES;
				CLANG_WARN_OBJC_ROOT_CLASS = YES_ERROR;
				CLANG_WARN_RANGE_LOOP_ANALYSIS = YES;
				CLANG_WARN_STRICT_PROTOTYPES = YES;
				CLANG_WARN_SUSPICIOUS_MOVE = YES;
				CLANG_WARN_UNGUARDED_AVAILABILITY = YES_AGGRESSIVE;
				CLANG_WARN_UNREACHABLE_CODE = YES;
				CLANG_WARN__DUPLICATE_METHOD_MATCH = YES;
				COPY_PHASE_STRIP = NO;
				DEBUG_INFORMATION_FORMAT = "dwarf-with-dsym";
				ENABLE_NS_ASSERTIONS = NO;
				ENABLE_STRICT_OBJC_MSGSEND = YES;
				GCC_C_LANGUAGE_STANDARD = gnu11;
				GCC_NO_COMMON_BLOCKS = YES;
				GCC_WARN_64_TO_32_BIT_CONVERSION = YES;
				GCC_WARN_ABOUT_RETURN_TYPE = YES_ERROR;
				GCC_WARN_UNDECLARED_SELECTOR = YES;
				GCC_WARN_UNINITIALIZED_AUTOS = YES_AGGRESSIVE;
				GCC_WARN_UNUSED_FUNCTION = YES;
				GCC_WARN_UNUSED_VARIABLE = YES;
				IPHONEOS_DEPLOYMENT_TARGET = 13.2;
				MTL_ENABLE_DEBUG_INFO = NO;
				MTL_FAST_MATH = YES;
				SDKROOT = iphoneos;
				SWIFT_COMPILATION_MODE = wholemodule;
				SWIFT_OPTIMIZATION_LEVEL = "-O";
				VALIDATE_PRODUCT = YES;
			};
			name = Release;
		};
		04E7297523E4D965004F04E0 /* Debug */ = {
			isa = XCBuildConfiguration;
			buildSettings = {
				ASSETCATALOG_COMPILER_APPICON_NAME = AppIcon;
				CODE_SIGN_STYLE = Automatic;
				INFOPLIST_FILE = Twitter/Info.plist;
				LD_RUNPATH_SEARCH_PATHS = (
					"$(inherited)",
					"@executable_path/Frameworks",
				);
				PRODUCT_BUNDLE_IDENTIFIER = com.pv.Twitter;
				PRODUCT_NAME = "$(TARGET_NAME)";
				SWIFT_VERSION = 5.0;
				TARGETED_DEVICE_FAMILY = "1,2";
			};
			name = Debug;
		};
		04E7297623E4D965004F04E0 /* Release */ = {
			isa = XCBuildConfiguration;
			buildSettings = {
				ASSETCATALOG_COMPILER_APPICON_NAME = AppIcon;
				CODE_SIGN_STYLE = Automatic;
				INFOPLIST_FILE = Twitter/Info.plist;
				LD_RUNPATH_SEARCH_PATHS = (
					"$(inherited)",
					"@executable_path/Frameworks",
				);
				PRODUCT_BUNDLE_IDENTIFIER = com.pv.Twitter;
				PRODUCT_NAME = "$(TARGET_NAME)";
				SWIFT_VERSION = 5.0;
				TARGETED_DEVICE_FAMILY = "1,2";
			};
			name = Release;
		};
		04E7297823E4D965004F04E0 /* Debug */ = {
			isa = XCBuildConfiguration;
			buildSettings = {
				ALWAYS_EMBED_SWIFT_STANDARD_LIBRARIES = YES;
				BUNDLE_LOADER = "$(TEST_HOST)";
				CODE_SIGN_STYLE = Automatic;
				INFOPLIST_FILE = TwitterTests/Info.plist;
				IPHONEOS_DEPLOYMENT_TARGET = 13.2;
				LD_RUNPATH_SEARCH_PATHS = (
					"$(inherited)",
					"@executable_path/Frameworks",
					"@loader_path/Frameworks",
				);
				PRODUCT_BUNDLE_IDENTIFIER = com.pv.TwitterTests;
				PRODUCT_NAME = "$(TARGET_NAME)";
				SWIFT_VERSION = 5.0;
				TARGETED_DEVICE_FAMILY = "1,2";
				TEST_HOST = "$(BUILT_PRODUCTS_DIR)/Twitter.app/Twitter";
			};
			name = Debug;
		};
		04E7297923E4D965004F04E0 /* Release */ = {
			isa = XCBuildConfiguration;
			buildSettings = {
				ALWAYS_EMBED_SWIFT_STANDARD_LIBRARIES = YES;
				BUNDLE_LOADER = "$(TEST_HOST)";
				CODE_SIGN_STYLE = Automatic;
				INFOPLIST_FILE = TwitterTests/Info.plist;
				IPHONEOS_DEPLOYMENT_TARGET = 13.2;
				LD_RUNPATH_SEARCH_PATHS = (
					"$(inherited)",
					"@executable_path/Frameworks",
					"@loader_path/Frameworks",
				);
				PRODUCT_BUNDLE_IDENTIFIER = com.pv.TwitterTests;
				PRODUCT_NAME = "$(TARGET_NAME)";
				SWIFT_VERSION = 5.0;
				TARGETED_DEVICE_FAMILY = "1,2";
				TEST_HOST = "$(BUILT_PRODUCTS_DIR)/Twitter.app/Twitter";
			};
			name = Release;
		};
		04E7297B23E4D965004F04E0 /* Debug */ = {
			isa = XCBuildConfiguration;
			buildSettings = {
				ALWAYS_EMBED_SWIFT_STANDARD_LIBRARIES = YES;
				CODE_SIGN_STYLE = Automatic;
				INFOPLIST_FILE = TwitterUITests/Info.plist;
				LD_RUNPATH_SEARCH_PATHS = (
					"$(inherited)",
					"@executable_path/Frameworks",
					"@loader_path/Frameworks",
				);
				PRODUCT_BUNDLE_IDENTIFIER = com.pv.TwitterUITests;
				PRODUCT_NAME = "$(TARGET_NAME)";
				SWIFT_VERSION = 5.0;
				TARGETED_DEVICE_FAMILY = "1,2";
				TEST_TARGET_NAME = Twitter;
			};
			name = Debug;
		};
		04E7297C23E4D965004F04E0 /* Release */ = {
			isa = XCBuildConfiguration;
			buildSettings = {
				ALWAYS_EMBED_SWIFT_STANDARD_LIBRARIES = YES;
				CODE_SIGN_STYLE = Automatic;
				INFOPLIST_FILE = TwitterUITests/Info.plist;
				LD_RUNPATH_SEARCH_PATHS = (
					"$(inherited)",
					"@executable_path/Frameworks",
					"@loader_path/Frameworks",
				);
				PRODUCT_BUNDLE_IDENTIFIER = com.pv.TwitterUITests;
				PRODUCT_NAME = "$(TARGET_NAME)";
				SWIFT_VERSION = 5.0;
				TARGETED_DEVICE_FAMILY = "1,2";
				TEST_TARGET_NAME = Twitter;
			};
			name = Release;
		};
/* End XCBuildConfiguration section */

/* Begin XCConfigurationList section */
		04E7294523E4D964004F04E0 /* Build configuration list for PBXProject "Twitter" */ = {
			isa = XCConfigurationList;
			buildConfigurations = (
				04E7297223E4D965004F04E0 /* Debug */,
				04E7297323E4D965004F04E0 /* Release */,
			);
			defaultConfigurationIsVisible = 0;
			defaultConfigurationName = Release;
		};
		04E7297423E4D965004F04E0 /* Build configuration list for PBXNativeTarget "Twitter" */ = {
			isa = XCConfigurationList;
			buildConfigurations = (
				04E7297523E4D965004F04E0 /* Debug */,
				04E7297623E4D965004F04E0 /* Release */,
			);
			defaultConfigurationIsVisible = 0;
			defaultConfigurationName = Release;
		};
		04E7297723E4D965004F04E0 /* Build configuration list for PBXNativeTarget "TwitterTests" */ = {
			isa = XCConfigurationList;
			buildConfigurations = (
				04E7297823E4D965004F04E0 /* Debug */,
				04E7297923E4D965004F04E0 /* Release */,
			);
			defaultConfigurationIsVisible = 0;
			defaultConfigurationName = Release;
		};
		04E7297A23E4D965004F04E0 /* Build configuration list for PBXNativeTarget "TwitterUITests" */ = {
			isa = XCConfigurationList;
			buildConfigurations = (
				04E7297B23E4D965004F04E0 /* Debug */,
				04E7297C23E4D965004F04E0 /* Release */,
			);
			defaultConfigurationIsVisible = 0;
			defaultConfigurationName = Release;
		};
/* End XCConfigurationList section */
	};
	rootObject = 04E7294223E4D964004F04E0 /* Project object */;
}
